
Microsoft Visual Studio Solution File, Format Version 12.00
# Visual Studio Version 17
VisualStudioVersion = 17.10.35027.167
MinimumVisualStudioVersion = 10.0.40219.1
Project("{FAE04EC0-301F-11D3-BF4B-00C04F79EFBC}") = "hemasHospitalDrugInventory", "hemasHospitalDrugInventory.csproj", "{44F18EF5-AD36-4DD2-A8AB-B7E8B6A47290}"
EndProject
Global
	GlobalSection(SolutionConfigurationPlatforms) = preSolution
		Debug|Any CPU = Debug|Any CPU
		Release|Any CPU = Release|Any CPU
	EndGlobalSection
	GlobalSection(ProjectConfigurationPlatforms) = postSolution
		{44F18EF5-AD36-4DD2-A8AB-B7E8B6A47290}.Debug|Any CPU.ActiveCfg = Debug|Any CPU
		{44F18EF5-AD36-4DD2-A8AB-B7E8B6A47290}.Debug|Any CPU.Build.0 = Debug|Any CPU
		{44F18EF5-AD36-4DD2-A8AB-B7E8B6A47290}.Release|Any CPU.ActiveCfg = Release|Any CPU
		{44F18EF5-AD36-4DD2-A8AB-B7E8B6A47290}.Release|Any CPU.Build.0 = Release|Any CPU
	EndGlobalSection
	GlobalSection(SolutionProperties) = preSolution
		HideSolutionNode = FALSE
	EndGlobalSection
	GlobalSection(ExtensibilityGlobals) = postSolution
		SolutionGuid = {13889C78-DB3C-4210-9E87-CE468EFAA7B9}
	EndGlobalSection
EndGlobal
